// !$*UTF8*$!
{
	archiveVersion = 1;
	classes = {
	};
	objectVersion = 46;
	objects = {

/* Begin PBXBuildFile section */
		3B51C1FE22615D5A9B3636A3 /* MRGControlPanelPluginMock.m in Sources */ = {isa = PBXBuildFile; fileRef = 3B51C88598E2271AB6B0834A /* MRGControlPanelPluginMock.m */; };
		3B51C247CA62862BB91E149F /* MRGControlPanelSamplePlugin.m in Sources */ = {isa = PBXBuildFile; fileRef = 3B51C1AE63DC8D0696FAAC2F /* MRGControlPanelSamplePlugin.m */; };
		3B51C792BCD6386BEF578288 /* podfile in Resources */ = {isa = PBXBuildFile; fileRef = 3B51C4D1ED80C734D7389BD6 /* podfile */; };
		3B51CACB4F296DECDF0CD4E1 /* MRGControlPanelControllerTests.m in Sources */ = {isa = PBXBuildFile; fileRef = 3B51C1372A57126DA2845285 /* MRGControlPanelControllerTests.m */; };
		3B51CE02834BAF2019133ECE /* MRGControlPanelTests.m in Sources */ = {isa = PBXBuildFile; fileRef = 3B51CD76763EE3A6E04FC782 /* MRGControlPanelTests.m */; };
		40E4575718502C690085B5DB /* MessageUI.framework in Frameworks */ = {isa = PBXBuildFile; fileRef = 40E4575618502C690085B5DB /* MessageUI.framework */; };
		917057233A8345938A535BE1 /* libPods.a in Frameworks */ = {isa = PBXBuildFile; fileRef = A827F009DD304A58B60A1608 /* libPods.a */; };
		F82177BE184FC71800DCEE3D /* Foundation.framework in Frameworks */ = {isa = PBXBuildFile; fileRef = F82177BD184FC71800DCEE3D /* Foundation.framework */; };
		F82177C0184FC71800DCEE3D /* CoreGraphics.framework in Frameworks */ = {isa = PBXBuildFile; fileRef = F82177BF184FC71800DCEE3D /* CoreGraphics.framework */; };
		F82177C2184FC71800DCEE3D /* UIKit.framework in Frameworks */ = {isa = PBXBuildFile; fileRef = F82177C1184FC71800DCEE3D /* UIKit.framework */; };
		F82177C8184FC71800DCEE3D /* InfoPlist.strings in Resources */ = {isa = PBXBuildFile; fileRef = F82177C6184FC71800DCEE3D /* InfoPlist.strings */; };
		F82177CA184FC71800DCEE3D /* main.m in Sources */ = {isa = PBXBuildFile; fileRef = F82177C9184FC71800DCEE3D /* main.m */; };
		F82177CE184FC71800DCEE3D /* MRGAppDelegate.m in Sources */ = {isa = PBXBuildFile; fileRef = F82177CD184FC71800DCEE3D /* MRGAppDelegate.m */; };
		F82177D0184FC71800DCEE3D /* Images.xcassets in Resources */ = {isa = PBXBuildFile; fileRef = F82177CF184FC71800DCEE3D /* Images.xcassets */; };
		F82177D7184FC71800DCEE3D /* XCTest.framework in Frameworks */ = {isa = PBXBuildFile; fileRef = F82177D6184FC71800DCEE3D /* XCTest.framework */; };
		F82177D8184FC71800DCEE3D /* Foundation.framework in Frameworks */ = {isa = PBXBuildFile; fileRef = F82177BD184FC71800DCEE3D /* Foundation.framework */; };
		F82177D9184FC71800DCEE3D /* UIKit.framework in Frameworks */ = {isa = PBXBuildFile; fileRef = F82177C1184FC71800DCEE3D /* UIKit.framework */; };
		F82177E1184FC71800DCEE3D /* InfoPlist.strings in Resources */ = {isa = PBXBuildFile; fileRef = F82177DF184FC71800DCEE3D /* InfoPlist.strings */; };
/* End PBXBuildFile section */

/* Begin PBXContainerItemProxy section */
		F82177DA184FC71800DCEE3D /* PBXContainerItemProxy */ = {
			isa = PBXContainerItemProxy;
			containerPortal = F82177B2184FC71800DCEE3D /* Project object */;
			proxyType = 1;
			remoteGlobalIDString = F82177B9184FC71800DCEE3D;
			remoteInfo = MRGControlPanelDemo;
		};
/* End PBXContainerItemProxy section */

/* Begin PBXFileReference section */
		2D5C9B17FC8C49718767DFFB /* Pods.xcconfig */ = {isa = PBXFileReference; includeInIndex = 1; lastKnownFileType = text.xcconfig; name = Pods.xcconfig; path = Pods/Pods.xcconfig; sourceTree = "<group>"; };
		3B51C1372A57126DA2845285 /* MRGControlPanelControllerTests.m */ = {isa = PBXFileReference; fileEncoding = 4; lastKnownFileType = sourcecode.c.objc; path = MRGControlPanelControllerTests.m; sourceTree = "<group>"; };
		3B51C1AE63DC8D0696FAAC2F /* MRGControlPanelSamplePlugin.m */ = {isa = PBXFileReference; fileEncoding = 4; lastKnownFileType = sourcecode.c.objc; path = MRGControlPanelSamplePlugin.m; sourceTree = "<group>"; };
		3B51C4D1ED80C734D7389BD6 /* podfile */ = {isa = PBXFileReference; fileEncoding = 4; lastKnownFileType = text; path = podfile; sourceTree = "<group>"; xcLanguageSpecificationIdentifier = xcode.lang.ruby; };
		3B51C88598E2271AB6B0834A /* MRGControlPanelPluginMock.m */ = {isa = PBXFileReference; fileEncoding = 4; lastKnownFileType = sourcecode.c.objc; path = MRGControlPanelPluginMock.m; sourceTree = "<group>"; };
		3B51CA3CC4DEC838A0FA5DAB /* MRGControlPanelSamplePlugin.h */ = {isa = PBXFileReference; fileEncoding = 4; lastKnownFileType = sourcecode.c.h; path = MRGControlPanelSamplePlugin.h; sourceTree = "<group>"; };
		3B51CD76763EE3A6E04FC782 /* MRGControlPanelTests.m */ = {isa = PBXFileReference; fileEncoding = 4; lastKnownFileType = sourcecode.c.objc; path = MRGControlPanelTests.m; sourceTree = "<group>"; };
		3B51CEE0FD7A7CCE2CC20A20 /* MRGControlPanelPluginMock.h */ = {isa = PBXFileReference; fileEncoding = 4; lastKnownFileType = sourcecode.c.h; path = MRGControlPanelPluginMock.h; sourceTree = "<group>"; };
		40E4575618502C690085B5DB /* MessageUI.framework */ = {isa = PBXFileReference; lastKnownFileType = wrapper.framework; name = MessageUI.framework; path = System/Library/Frameworks/MessageUI.framework; sourceTree = SDKROOT; };
		54C8CF53DA1744B3BE7EE29E /* libPods-MRGControlPanelDemoTests.a */ = {isa = PBXFileReference; explicitFileType = archive.ar; includeInIndex = 0; path = "libPods-MRGControlPanelDemoTests.a"; sourceTree = BUILT_PRODUCTS_DIR; };
		8FDA948F44FD47469A084DC5 /* Pods-MRGControlPanelDemoTests.xcconfig */ = {isa = PBXFileReference; includeInIndex = 1; lastKnownFileType = text.xcconfig; name = "Pods-MRGControlPanelDemoTests.xcconfig"; path = "Pods/Pods-MRGControlPanelDemoTests.xcconfig"; sourceTree = "<group>"; };
		A827F009DD304A58B60A1608 /* libPods.a */ = {isa = PBXFileReference; explicitFileType = archive.ar; includeInIndex = 0; path = libPods.a; sourceTree = BUILT_PRODUCTS_DIR; };
		F82177BA184FC71800DCEE3D /* MRGControlPanelDemo.app */ = {isa = PBXFileReference; explicitFileType = wrapper.application; includeInIndex = 0; path = MRGControlPanelDemo.app; sourceTree = BUILT_PRODUCTS_DIR; };
		F82177BD184FC71800DCEE3D /* Foundation.framework */ = {isa = PBXFileReference; lastKnownFileType = wrapper.framework; name = Foundation.framework; path = System/Library/Frameworks/Foundation.framework; sourceTree = SDKROOT; };
		F82177BF184FC71800DCEE3D /* CoreGraphics.framework */ = {isa = PBXFileReference; lastKnownFileType = wrapper.framework; name = CoreGraphics.framework; path = System/Library/Frameworks/CoreGraphics.framework; sourceTree = SDKROOT; };
		F82177C1184FC71800DCEE3D /* UIKit.framework */ = {isa = PBXFileReference; lastKnownFileType = wrapper.framework; name = UIKit.framework; path = System/Library/Frameworks/UIKit.framework; sourceTree = SDKROOT; };
		F82177C5184FC71800DCEE3D /* MRGControlPanelDemo-Info.plist */ = {isa = PBXFileReference; lastKnownFileType = text.plist.xml; path = "MRGControlPanelDemo-Info.plist"; sourceTree = "<group>"; };
		F82177C7184FC71800DCEE3D /* en */ = {isa = PBXFileReference; lastKnownFileType = text.plist.strings; name = en; path = en.lproj/InfoPlist.strings; sourceTree = "<group>"; };
		F82177C9184FC71800DCEE3D /* main.m */ = {isa = PBXFileReference; lastKnownFileType = sourcecode.c.objc; path = main.m; sourceTree = "<group>"; };
		F82177CB184FC71800DCEE3D /* MRGControlPanelDemo-Prefix.pch */ = {isa = PBXFileReference; lastKnownFileType = sourcecode.c.h; path = "MRGControlPanelDemo-Prefix.pch"; sourceTree = "<group>"; };
		F82177CC184FC71800DCEE3D /* MRGAppDelegate.h */ = {isa = PBXFileReference; lastKnownFileType = sourcecode.c.h; path = MRGAppDelegate.h; sourceTree = "<group>"; };
		F82177CD184FC71800DCEE3D /* MRGAppDelegate.m */ = {isa = PBXFileReference; lastKnownFileType = sourcecode.c.objc; path = MRGAppDelegate.m; sourceTree = "<group>"; };
		F82177CF184FC71800DCEE3D /* Images.xcassets */ = {isa = PBXFileReference; lastKnownFileType = folder.assetcatalog; path = Images.xcassets; sourceTree = "<group>"; };
		F82177D5184FC71800DCEE3D /* MRGControlPanelDemoTests.xctest */ = {isa = PBXFileReference; explicitFileType = wrapper.cfbundle; includeInIndex = 0; path = MRGControlPanelDemoTests.xctest; sourceTree = BUILT_PRODUCTS_DIR; };
		F82177D6184FC71800DCEE3D /* XCTest.framework */ = {isa = PBXFileReference; lastKnownFileType = wrapper.framework; name = XCTest.framework; path = Library/Frameworks/XCTest.framework; sourceTree = DEVELOPER_DIR; };
		F82177DE184FC71800DCEE3D /* MRGControlPanelDemoTests-Info.plist */ = {isa = PBXFileReference; lastKnownFileType = text.plist.xml; path = "MRGControlPanelDemoTests-Info.plist"; sourceTree = "<group>"; };
		F82177E0184FC71800DCEE3D /* en */ = {isa = PBXFileReference; lastKnownFileType = text.plist.strings; name = en; path = en.lproj/InfoPlist.strings; sourceTree = "<group>"; };
/* End PBXFileReference section */

/* Begin PBXFrameworksBuildPhase section */
		F82177B7184FC71800DCEE3D /* Frameworks */ = {
			isa = PBXFrameworksBuildPhase;
			buildActionMask = 2147483647;
			files = (
				40E4575718502C690085B5DB /* MessageUI.framework in Frameworks */,
				F82177C0184FC71800DCEE3D /* CoreGraphics.framework in Frameworks */,
				F82177C2184FC71800DCEE3D /* UIKit.framework in Frameworks */,
				F82177BE184FC71800DCEE3D /* Foundation.framework in Frameworks */,
				917057233A8345938A535BE1 /* libPods.a in Frameworks */,
			);
			runOnlyForDeploymentPostprocessing = 0;
		};
		F82177D2184FC71800DCEE3D /* Frameworks */ = {
			isa = PBXFrameworksBuildPhase;
			buildActionMask = 2147483647;
			files = (
				F82177D7184FC71800DCEE3D /* XCTest.framework in Frameworks */,
				F82177D9184FC71800DCEE3D /* UIKit.framework in Frameworks */,
				F82177D8184FC71800DCEE3D /* Foundation.framework in Frameworks */,
			);
			runOnlyForDeploymentPostprocessing = 0;
		};
/* End PBXFrameworksBuildPhase section */

/* Begin PBXGroup section */
		3B51C27C84237F3133678140 /* MRGControlPanelSamplePlugin */ = {
			isa = PBXGroup;
			children = (
				3B51C1AE63DC8D0696FAAC2F /* MRGControlPanelSamplePlugin.m */,
				3B51CA3CC4DEC838A0FA5DAB /* MRGControlPanelSamplePlugin.h */,
			);
			path = MRGControlPanelSamplePlugin;
			sourceTree = "<group>";
		};
		3B51C9B3CB86B9AF65F3540D /* Fixtures */ = {
			isa = PBXGroup;
			children = (
				3B51CEE0FD7A7CCE2CC20A20 /* MRGControlPanelPluginMock.h */,
				3B51C88598E2271AB6B0834A /* MRGControlPanelPluginMock.m */,
			);
			path = Fixtures;
			sourceTree = "<group>";
		};
		F82177B1184FC71800DCEE3D = {
			isa = PBXGroup;
			children = (
				F82177C3184FC71800DCEE3D /* MRGControlPanelDemo */,
				F82177DC184FC71800DCEE3D /* MRGControlPanelDemoTests */,
				F82177BC184FC71800DCEE3D /* Frameworks */,
				F82177BB184FC71800DCEE3D /* Products */,
				8FDA948F44FD47469A084DC5 /* Pods-MRGControlPanelDemoTests.xcconfig */,
				3B51C4D1ED80C734D7389BD6 /* podfile */,
				2D5C9B17FC8C49718767DFFB /* Pods.xcconfig */,
			);
			sourceTree = "<group>";
		};
		F82177BB184FC71800DCEE3D /* Products */ = {
			isa = PBXGroup;
			children = (
				F82177BA184FC71800DCEE3D /* MRGControlPanelDemo.app */,
				F82177D5184FC71800DCEE3D /* MRGControlPanelDemoTests.xctest */,
			);
			name = Products;
			sourceTree = "<group>";
		};
		F82177BC184FC71800DCEE3D /* Frameworks */ = {
			isa = PBXGroup;
			children = (
				40E4575618502C690085B5DB /* MessageUI.framework */,
				F82177BD184FC71800DCEE3D /* Foundation.framework */,
				F82177BF184FC71800DCEE3D /* CoreGraphics.framework */,
				F82177C1184FC71800DCEE3D /* UIKit.framework */,
				F82177D6184FC71800DCEE3D /* XCTest.framework */,
				54C8CF53DA1744B3BE7EE29E /* libPods-MRGControlPanelDemoTests.a */,
				A827F009DD304A58B60A1608 /* libPods.a */,
			);
			name = Frameworks;
			sourceTree = "<group>";
		};
		F82177C3184FC71800DCEE3D /* MRGControlPanelDemo */ = {
			isa = PBXGroup;
			children = (
				F82177CC184FC71800DCEE3D /* MRGAppDelegate.h */,
				F82177CD184FC71800DCEE3D /* MRGAppDelegate.m */,
				F82177CF184FC71800DCEE3D /* Images.xcassets */,
				F82177C4184FC71800DCEE3D /* Supporting Files */,
				3B51C27C84237F3133678140 /* MRGControlPanelSamplePlugin */,
			);
			path = MRGControlPanelDemo;
			sourceTree = "<group>";
		};
		F82177C4184FC71800DCEE3D /* Supporting Files */ = {
			isa = PBXGroup;
			children = (
				F82177C5184FC71800DCEE3D /* MRGControlPanelDemo-Info.plist */,
				F82177C6184FC71800DCEE3D /* InfoPlist.strings */,
				F82177C9184FC71800DCEE3D /* main.m */,
				F82177CB184FC71800DCEE3D /* MRGControlPanelDemo-Prefix.pch */,
			);
			name = "Supporting Files";
			sourceTree = "<group>";
		};
		F82177DC184FC71800DCEE3D /* MRGControlPanelDemoTests */ = {
			isa = PBXGroup;
			children = (
				F82177DD184FC71800DCEE3D /* Supporting Files */,
				3B51C9B3CB86B9AF65F3540D /* Fixtures */,
				3B51C1372A57126DA2845285 /* MRGControlPanelControllerTests.m */,
				3B51CD76763EE3A6E04FC782 /* MRGControlPanelTests.m */,
			);
			path = MRGControlPanelDemoTests;
			sourceTree = "<group>";
		};
		F82177DD184FC71800DCEE3D /* Supporting Files */ = {
			isa = PBXGroup;
			children = (
				F82177DE184FC71800DCEE3D /* MRGControlPanelDemoTests-Info.plist */,
				F82177DF184FC71800DCEE3D /* InfoPlist.strings */,
			);
			name = "Supporting Files";
			sourceTree = "<group>";
		};
/* End PBXGroup section */

/* Begin PBXNativeTarget section */
		F82177B9184FC71800DCEE3D /* MRGControlPanelDemo */ = {
			isa = PBXNativeTarget;
			buildConfigurationList = F82177E6184FC71800DCEE3D /* Build configuration list for PBXNativeTarget "MRGControlPanelDemo" */;
			buildPhases = (
				7FE90265FD4B4EF49774338F /* Check Pods Manifest.lock */,
				F82177B6184FC71800DCEE3D /* Sources */,
				F82177B7184FC71800DCEE3D /* Frameworks */,
				F82177B8184FC71800DCEE3D /* Resources */,
				51D116C15AF843658F80E167 /* Copy Pods Resources */,
			);
			buildRules = (
			);
			dependencies = (
			);
			name = MRGControlPanelDemo;
			productName = MRGControlPanelDemo;
			productReference = F82177BA184FC71800DCEE3D /* MRGControlPanelDemo.app */;
			productType = "com.apple.product-type.application";
		};
		F82177D4184FC71800DCEE3D /* MRGControlPanelDemoTests */ = {
			isa = PBXNativeTarget;
			buildConfigurationList = F82177E9184FC71800DCEE3D /* Build configuration list for PBXNativeTarget "MRGControlPanelDemoTests" */;
			buildPhases = (
				D879BB4946AF4407983743CC /* Check Pods Manifest.lock */,
				F82177D1184FC71800DCEE3D /* Sources */,
				F82177D2184FC71800DCEE3D /* Frameworks */,
				F82177D3184FC71800DCEE3D /* Resources */,
				2E121DC456F943499477520B /* Copy Pods Resources */,
			);
			buildRules = (
			);
			dependencies = (
				F82177DB184FC71800DCEE3D /* PBXTargetDependency */,
			);
			name = MRGControlPanelDemoTests;
			productName = MRGControlPanelDemoTests;
			productReference = F82177D5184FC71800DCEE3D /* MRGControlPanelDemoTests.xctest */;
			productType = "com.apple.product-type.bundle.unit-test";
		};
/* End PBXNativeTarget section */

/* Begin PBXProject section */
		F82177B2184FC71800DCEE3D /* Project object */ = {
			isa = PBXProject;
			attributes = {
				CLASSPREFIX = MRG;
				LastUpgradeCheck = 0500;
				ORGANIZATIONNAME = Mirego;
				TargetAttributes = {
					F82177D4184FC71800DCEE3D = {
						TestTargetID = F82177B9184FC71800DCEE3D /* MRGControlPanelDemo */;
					};
				};
			};
			buildConfigurationList = F82177B5184FC71800DCEE3D /* Build configuration list for PBXProject "MRGControlPanelDemo" */;
			compatibilityVersion = "Xcode 3.2";
			developmentRegion = English;
			hasScannedForEncodings = 0;
			knownRegions = (
				en,
			);
			mainGroup = F82177B1184FC71800DCEE3D;
			productRefGroup = F82177BB184FC71800DCEE3D /* Products */;
			projectDirPath = "";
			projectRoot = "";
			targets = (
				F82177B9184FC71800DCEE3D /* MRGControlPanelDemo */,
				F82177D4184FC71800DCEE3D /* MRGControlPanelDemoTests */,
			);
		};
/* End PBXProject section */

/* Begin PBXResourcesBuildPhase section */
		F82177B8184FC71800DCEE3D /* Resources */ = {
			isa = PBXResourcesBuildPhase;
			buildActionMask = 2147483647;
			files = (
				F82177C8184FC71800DCEE3D /* InfoPlist.strings in Resources */,
				F82177D0184FC71800DCEE3D /* Images.xcassets in Resources */,
				3B51C792BCD6386BEF578288 /* podfile in Resources */,
			);
			runOnlyForDeploymentPostprocessing = 0;
		};
		F82177D3184FC71800DCEE3D /* Resources */ = {
			isa = PBXResourcesBuildPhase;
			buildActionMask = 2147483647;
			files = (
				F82177E1184FC71800DCEE3D /* InfoPlist.strings in Resources */,
			);
			runOnlyForDeploymentPostprocessing = 0;
		};
/* End PBXResourcesBuildPhase section */

/* Begin PBXShellScriptBuildPhase section */
		2E121DC456F943499477520B /* Copy Pods Resources */ = {
			isa = PBXShellScriptBuildPhase;
			buildActionMask = 2147483647;
			files = (
			);
			inputPaths = (
			);
			name = "Copy Pods Resources";
			outputPaths = (
			);
			runOnlyForDeploymentPostprocessing = 0;
			shellPath = /bin/sh;
			shellScript = "\"${SRCROOT}/Pods/Pods-MRGControlPanelDemoTests-resources.sh\"\n";
			showEnvVarsInLog = 0;
		};
		51D116C15AF843658F80E167 /* Copy Pods Resources */ = {
			isa = PBXShellScriptBuildPhase;
			buildActionMask = 2147483647;
			files = (
			);
			inputPaths = (
			);
			name = "Copy Pods Resources";
			outputPaths = (
			);
			runOnlyForDeploymentPostprocessing = 0;
			shellPath = /bin/sh;
			shellScript = "\"${SRCROOT}/Pods/Pods-resources.sh\"\n";
			showEnvVarsInLog = 0;
		};
		7FE90265FD4B4EF49774338F /* Check Pods Manifest.lock */ = {
			isa = PBXShellScriptBuildPhase;
			buildActionMask = 2147483647;
			files = (
			);
			inputPaths = (
			);
			name = "Check Pods Manifest.lock";
			outputPaths = (
			);
			runOnlyForDeploymentPostprocessing = 0;
			shellPath = /bin/sh;
			shellScript = "diff \"${PODS_ROOT}/../Podfile.lock\" \"${PODS_ROOT}/Manifest.lock\" > /dev/null\nif [[ $? != 0 ]] ; then\n    cat << EOM\nerror: The sandbox is not in sync with the Podfile.lock. Run 'pod install' or update your CocoaPods installation.\nEOM\n    exit 1\nfi\n";
			showEnvVarsInLog = 0;
		};
		D879BB4946AF4407983743CC /* Check Pods Manifest.lock */ = {
			isa = PBXShellScriptBuildPhase;
			buildActionMask = 2147483647;
			files = (
			);
			inputPaths = (
			);
			name = "Check Pods Manifest.lock";
			outputPaths = (
			);
			runOnlyForDeploymentPostprocessing = 0;
			shellPath = /bin/sh;
			shellScript = "diff \"${PODS_ROOT}/../Podfile.lock\" \"${PODS_ROOT}/Manifest.lock\" > /dev/null\nif [[ $? != 0 ]] ; then\n    cat << EOM\nerror: The sandbox is not in sync with the Podfile.lock. Run 'pod install' or update your CocoaPods installation.\nEOM\n    exit 1\nfi\n";
			showEnvVarsInLog = 0;
		};
/* End PBXShellScriptBuildPhase section */

/* Begin PBXSourcesBuildPhase section */
		F82177B6184FC71800DCEE3D /* Sources */ = {
			isa = PBXSourcesBuildPhase;
			buildActionMask = 2147483647;
			files = (
				F82177CA184FC71800DCEE3D /* main.m in Sources */,
				F82177CE184FC71800DCEE3D /* MRGAppDelegate.m in Sources */,
				3B51C247CA62862BB91E149F /* MRGControlPanelSamplePlugin.m in Sources */,
			);
			runOnlyForDeploymentPostprocessing = 0;
		};
		F82177D1184FC71800DCEE3D /* Sources */ = {
			isa = PBXSourcesBuildPhase;
			buildActionMask = 2147483647;
			files = (
				3B51C1FE22615D5A9B3636A3 /* MRGControlPanelPluginMock.m in Sources */,
				3B51CACB4F296DECDF0CD4E1 /* MRGControlPanelControllerTests.m in Sources */,
				3B51CE02834BAF2019133ECE /* MRGControlPanelTests.m in Sources */,
			);
			runOnlyForDeploymentPostprocessing = 0;
		};
/* End PBXSourcesBuildPhase section */

/* Begin PBXTargetDependency section */
		F82177DB184FC71800DCEE3D /* PBXTargetDependency */ = {
			isa = PBXTargetDependency;
			target = F82177B9184FC71800DCEE3D /* MRGControlPanelDemo */;
			targetProxy = F82177DA184FC71800DCEE3D /* PBXContainerItemProxy */;
		};
/* End PBXTargetDependency section */

/* Begin PBXVariantGroup section */
		F82177C6184FC71800DCEE3D /* InfoPlist.strings */ = {
			isa = PBXVariantGroup;
			children = (
				F82177C7184FC71800DCEE3D /* en */,
			);
			name = InfoPlist.strings;
			sourceTree = "<group>";
		};
		F82177DF184FC71800DCEE3D /* InfoPlist.strings */ = {
			isa = PBXVariantGroup;
			children = (
				F82177E0184FC71800DCEE3D /* en */,
			);
			name = InfoPlist.strings;
			sourceTree = "<group>";
		};
/* End PBXVariantGroup section */

/* Begin XCBuildConfiguration section */
		F82177E4184FC71800DCEE3D /* Debug */ = {
			isa = XCBuildConfiguration;
			buildSettings = {
				ALWAYS_SEARCH_USER_PATHS = NO;
				ARCHS = "$(ARCHS_STANDARD_INCLUDING_64_BIT)";
				CLANG_CXX_LANGUAGE_STANDARD = "gnu++0x";
				CLANG_CXX_LIBRARY = "libc++";
				CLANG_ENABLE_MODULES = YES;
				CLANG_ENABLE_OBJC_ARC = YES;
				CLANG_WARN_BOOL_CONVERSION = YES;
				CLANG_WARN_CONSTANT_CONVERSION = YES;
				CLANG_WARN_DIRECT_OBJC_ISA_USAGE = YES_ERROR;
				CLANG_WARN_EMPTY_BODY = YES;
				CLANG_WARN_ENUM_CONVERSION = YES;
				CLANG_WARN_INT_CONVERSION = YES;
				CLANG_WARN_OBJC_ROOT_CLASS = YES_ERROR;
				CLANG_WARN__DUPLICATE_METHOD_MATCH = YES;
				"CODE_SIGN_IDENTITY[sdk=iphoneos*]" = "iPhone Developer";
				COPY_PHASE_STRIP = NO;
				GCC_C_LANGUAGE_STANDARD = gnu99;
				GCC_DYNAMIC_NO_PIC = NO;
				GCC_OPTIMIZATION_LEVEL = 0;
				GCC_PREPROCESSOR_DEFINITIONS = (
					"DEBUG=1",
					"$(inherited)",
				);
				GCC_SYMBOLS_PRIVATE_EXTERN = NO;
				GCC_WARN_64_TO_32_BIT_CONVERSION = YES;
				GCC_WARN_ABOUT_RETURN_TYPE = YES_ERROR;
				GCC_WARN_UNDECLARED_SELECTOR = YES;
				GCC_WARN_UNINITIALIZED_AUTOS = YES;
				GCC_WARN_UNUSED_FUNCTION = YES;
				GCC_WARN_UNUSED_VARIABLE = YES;
				IPHONEOS_DEPLOYMENT_TARGET = 7.0;
				ONLY_ACTIVE_ARCH = YES;
				SDKROOT = iphoneos;
			};
			name = Debug;
		};
		F82177E5184FC71800DCEE3D /* Release */ = {
			isa = XCBuildConfiguration;
			buildSettings = {
				ALWAYS_SEARCH_USER_PATHS = NO;
				ARCHS = "$(ARCHS_STANDARD_INCLUDING_64_BIT)";
				CLANG_CXX_LANGUAGE_STANDARD = "gnu++0x";
				CLANG_CXX_LIBRARY = "libc++";
				CLANG_ENABLE_MODULES = YES;
				CLANG_ENABLE_OBJC_ARC = YES;
				CLANG_WARN_BOOL_CONVERSION = YES;
				CLANG_WARN_CONSTANT_CONVERSION = YES;
				CLANG_WARN_DIRECT_OBJC_ISA_USAGE = YES_ERROR;
				CLANG_WARN_EMPTY_BODY = YES;
				CLANG_WARN_ENUM_CONVERSION = YES;
				CLANG_WARN_INT_CONVERSION = YES;
				CLANG_WARN_OBJC_ROOT_CLASS = YES_ERROR;
				CLANG_WARN__DUPLICATE_METHOD_MATCH = YES;
				"CODE_SIGN_IDENTITY[sdk=iphoneos*]" = "iPhone Developer";
				COPY_PHASE_STRIP = YES;
				ENABLE_NS_ASSERTIONS = NO;
				GCC_C_LANGUAGE_STANDARD = gnu99;
				GCC_WARN_64_TO_32_BIT_CONVERSION = YES;
				GCC_WARN_ABOUT_RETURN_TYPE = YES_ERROR;
				GCC_WARN_UNDECLARED_SELECTOR = YES;
				GCC_WARN_UNINITIALIZED_AUTOS = YES;
				GCC_WARN_UNUSED_FUNCTION = YES;
				GCC_WARN_UNUSED_VARIABLE = YES;
				IPHONEOS_DEPLOYMENT_TARGET = 7.0;
				SDKROOT = iphoneos;
				VALIDATE_PRODUCT = YES;
			};
			name = Release;
		};
		F82177E7184FC71800DCEE3D /* Debug */ = {
			isa = XCBuildConfiguration;
			baseConfigurationReference = 2D5C9B17FC8C49718767DFFB /* Pods.xcconfig */;
			buildSettings = {
				ASSETCATALOG_COMPILER_APPICON_NAME = AppIcon;
				ASSETCATALOG_COMPILER_LAUNCHIMAGE_NAME = LaunchImage;
				GCC_PRECOMPILE_PREFIX_HEADER = YES;
				GCC_PREFIX_HEADER = "MRGControlPanelDemo/MRGControlPanelDemo-Prefix.pch";
				INFOPLIST_FILE = "MRGControlPanelDemo/MRGControlPanelDemo-Info.plist";
				PRODUCT_NAME = "$(TARGET_NAME)";
				WRAPPER_EXTENSION = app;
			};
			name = Debug;
		};
		F82177E8184FC71800DCEE3D /* Release */ = {
			isa = XCBuildConfiguration;
			baseConfigurationReference = 2D5C9B17FC8C49718767DFFB /* Pods.xcconfig */;
			buildSettings = {
				ASSETCATALOG_COMPILER_APPICON_NAME = AppIcon;
				ASSETCATALOG_COMPILER_LAUNCHIMAGE_NAME = LaunchImage;
				GCC_PRECOMPILE_PREFIX_HEADER = YES;
				GCC_PREFIX_HEADER = "MRGControlPanelDemo/MRGControlPanelDemo-Prefix.pch";
				INFOPLIST_FILE = "MRGControlPanelDemo/MRGControlPanelDemo-Info.plist";
				PRODUCT_NAME = "$(TARGET_NAME)";
				WRAPPER_EXTENSION = app;
			};
			name = Release;
		};
		F82177EA184FC71800DCEE3D /* Debug */ = {
			isa = XCBuildConfiguration;
			baseConfigurationReference = 8FDA948F44FD47469A084DC5 /* Pods-MRGControlPanelDemoTests.xcconfig */;
			buildSettings = {
				ARCHS = "$(ARCHS_STANDARD_INCLUDING_64_BIT)";
				BUNDLE_LOADER = "$(BUILT_PRODUCTS_DIR)/MRGControlPanelDemo.app/MRGControlPanelDemo";
				FRAMEWORK_SEARCH_PATHS = (
					"$(SDKROOT)/Developer/Library/Frameworks",
					"$(inherited)",
					"$(DEVELOPER_FRAMEWORKS_DIR)",
				);
				GCC_PRECOMPILE_PREFIX_HEADER = YES;
				GCC_PREFIX_HEADER = "MRGControlPanelDemo/MRGControlPanelDemo-Prefix.pch";
				GCC_PREPROCESSOR_DEFINITIONS = (
					"DEBUG=1",
					"$(inherited)",
				);
				INFOPLIST_FILE = "MRGControlPanelDemoTests/MRGControlPanelDemoTests-Info.plist";
				PRODUCT_NAME = "$(TARGET_NAME)";
				TEST_HOST = "$(BUNDLE_LOADER)";
				WRAPPER_EXTENSION = xctest;
			};
			name = Debug;
		};
		F82177EB184FC71800DCEE3D /* Release */ = {
			isa = XCBuildConfiguration;
			baseConfigurationReference = 8FDA948F44FD47469A084DC5 /* Pods-MRGControlPanelDemoTests.xcconfig */;
			buildSettings = {
				ARCHS = "$(ARCHS_STANDARD_INCLUDING_64_BIT)";
				BUNDLE_LOADER = "$(BUILT_PRODUCTS_DIR)/MRGControlPanelDemo.app/MRGControlPanelDemo";
				FRAMEWORK_SEARCH_PATHS = (
					"$(SDKROOT)/Developer/Library/Frameworks",
					"$(inherited)",
					"$(DEVELOPER_FRAMEWORKS_DIR)",
				);
				GCC_PRECOMPILE_PREFIX_HEADER = YES;
				GCC_PREFIX_HEADER = "MRGControlPanelDemo/MRGControlPanelDemo-Prefix.pch";
				INFOPLIST_FILE = "MRGControlPanelDemoTests/MRGControlPanelDemoTests-Info.plist";
				PRODUCT_NAME = "$(TARGET_NAME)";
				TEST_HOST = "$(BUNDLE_LOADER)";
				WRAPPER_EXTENSION = xctest;
			};
			name = Release;
		};
/* End XCBuildConfiguration section */

/* Begin XCConfigurationList section */
		F82177B5184FC71800DCEE3D /* Build configuration list for PBXProject "MRGControlPanelDemo" */ = {
			isa = XCConfigurationList;
			buildConfigurations = (
				F82177E4184FC71800DCEE3D /* Debug */,
				F82177E5184FC71800DCEE3D /* Release */,
			);
			defaultConfigurationIsVisible = 0;
			defaultConfigurationName = Release;
		};
		F82177E6184FC71800DCEE3D /* Build configuration list for PBXNativeTarget "MRGControlPanelDemo" */ = {
			isa = XCConfigurationList;
			buildConfigurations = (
				F82177E7184FC71800DCEE3D /* Debug */,
				F82177E8184FC71800DCEE3D /* Release */,
			);
			defaultConfigurationIsVisible = 0;
			defaultConfigurationName = Release;
		};
		F82177E9184FC71800DCEE3D /* Build configuration list for PBXNativeTarget "MRGControlPanelDemoTests" */ = {
			isa = XCConfigurationList;
			buildConfigurations = (
				F82177EA184FC71800DCEE3D /* Debug */,
				F82177EB184FC71800DCEE3D /* Release */,
			);
			defaultConfigurationIsVisible = 0;
			defaultConfigurationName = Release;
		};
/* End XCConfigurationList section */
	};
	rootObject = F82177B2184FC71800DCEE3D /* Project object */;
}
